
Microsoft Visual Studio Solution File, Format Version 12.00
# Visual Studio Version 17
VisualStudioVersion = 17.2.32616.157
MinimumVisualStudioVersion = 10.0.40219.1
Project("{FAE04EC0-301F-11D3-BF4B-00C04F79EFBC}") = "Condicionais", "Condicionais\Condicionais.csproj", "{8ADA326B-E01A-4AA6-95F0-2507CB5262D1}"
EndProject
Global
	GlobalSection(SolutionConfigurationPlatforms) = preSolution
		Debug|Any CPU = Debug|Any CPU
		Release|Any CPU = Release|Any CPU
	EndGlobalSection
	GlobalSection(ProjectConfigurationPlatforms) = postSolution
		{8ADA326B-E01A-4AA6-95F0-2507CB5262D1}.Debug|Any CPU.ActiveCfg = Debug|Any CPU
		{8ADA326B-E01A-4AA6-95F0-2507CB5262D1}.Debug|Any CPU.Build.0 = Debug|Any CPU
		{8ADA326B-E01A-4AA6-95F0-2507CB5262D1}.Release|Any CPU.ActiveCfg = Release|Any CPU
		{8ADA326B-E01A-4AA6-95F0-2507CB5262D1}.Release|Any CPU.Build.0 = Release|Any CPU
	EndGlobalSection
	GlobalSection(SolutionProperties) = preSolution
		HideSolutionNode = FALSE
	EndGlobalSection
	GlobalSection(ExtensibilityGlobals) = postSolution
		SolutionGuid = {BCBC08F3-382F-4ECA-86DC-EA3E126D43CA}
	EndGlobalSection
EndGlobal
