
Microsoft Visual Studio Solution File, Format Version 12.00
# Visual Studio Version 17
VisualStudioVersion = 17.2.32616.157
MinimumVisualStudioVersion = 10.0.40219.1
Project("{FAE04EC0-301F-11D3-BF4B-00C04F79EFBC}") = "HelloWorld", "HelloWorld\HelloWorld.csproj", "{28D4AA60-1648-4F5A-B41C-B29CC118421A}"
EndProject
Global
	GlobalSection(SolutionConfigurationPlatforms) = preSolution
		Debug|Any CPU = Debug|Any CPU
		Release|Any CPU = Release|Any CPU
	EndGlobalSection
	GlobalSection(ProjectConfigurationPlatforms) = postSolution
		{28D4AA60-1648-4F5A-B41C-B29CC118421A}.Debug|Any CPU.ActiveCfg = Debug|Any CPU
		{28D4AA60-1648-4F5A-B41C-B29CC118421A}.Debug|Any CPU.Build.0 = Debug|Any CPU
		{28D4AA60-1648-4F5A-B41C-B29CC118421A}.Release|Any CPU.ActiveCfg = Release|Any CPU
		{28D4AA60-1648-4F5A-B41C-B29CC118421A}.Release|Any CPU.Build.0 = Release|Any CPU
	EndGlobalSection
	GlobalSection(SolutionProperties) = preSolution
		HideSolutionNode = FALSE
	EndGlobalSection
	GlobalSection(ExtensibilityGlobals) = postSolution
		SolutionGuid = {8B3649FF-394D-47F7-AA3E-DB772B1A61A1}
	EndGlobalSection
EndGlobal
